
Microsoft Visual Studio Solution File, Format Version 12.00
# Visual Studio Version 16
VisualStudioVersion = 16.0.30523.141
MinimumVisualStudioVersion = 10.0.40219.1
Project("{FAE04EC0-301F-11D3-BF4B-00C04F79EFBC}") = "Problema 6", "Problema 6.csproj", "{7C70F585-D205-475A-8EF8-2640D8AFEF3A}"
EndProject
Global
	GlobalSection(SolutionConfigurationPlatforms) = preSolution
		Debug|Any CPU = Debug|Any CPU
		Release|Any CPU = Release|Any CPU
	EndGlobalSection
	GlobalSection(ProjectConfigurationPlatforms) = postSolution
		{7C70F585-D205-475A-8EF8-2640D8AFEF3A}.Debug|Any CPU.ActiveCfg = Debug|Any CPU
		{7C70F585-D205-475A-8EF8-2640D8AFEF3A}.Debug|Any CPU.Build.0 = Debug|Any CPU
		{7C70F585-D205-475A-8EF8-2640D8AFEF3A}.Release|Any CPU.ActiveCfg = Release|Any CPU
		{7C70F585-D205-475A-8EF8-2640D8AFEF3A}.Release|Any CPU.Build.0 = Release|Any CPU
	EndGlobalSection
	GlobalSection(SolutionProperties) = preSolution
		HideSolutionNode = FALSE
	EndGlobalSection
	GlobalSection(ExtensibilityGlobals) = postSolution
		SolutionGuid = {C4BF36BA-E282-4874-B020-F3222FF9B35A}
	EndGlobalSection
EndGlobal
