
Microsoft Visual Studio Solution File, Format Version 12.00
# Visual Studio Version 16
VisualStudioVersion = 16.0.30523.141
MinimumVisualStudioVersion = 10.0.40219.1
Project("{FAE04EC0-301F-11D3-BF4B-00C04F79EFBC}") = "Problema 11", "Problema 11.csproj", "{46F9CB54-2F79-46C3-A812-F0C459F03CEA}"
EndProject
Global
	GlobalSection(SolutionConfigurationPlatforms) = preSolution
		Debug|Any CPU = Debug|Any CPU
		Release|Any CPU = Release|Any CPU
	EndGlobalSection
	GlobalSection(ProjectConfigurationPlatforms) = postSolution
		{46F9CB54-2F79-46C3-A812-F0C459F03CEA}.Debug|Any CPU.ActiveCfg = Debug|Any CPU
		{46F9CB54-2F79-46C3-A812-F0C459F03CEA}.Debug|Any CPU.Build.0 = Debug|Any CPU
		{46F9CB54-2F79-46C3-A812-F0C459F03CEA}.Release|Any CPU.ActiveCfg = Release|Any CPU
		{46F9CB54-2F79-46C3-A812-F0C459F03CEA}.Release|Any CPU.Build.0 = Release|Any CPU
	EndGlobalSection
	GlobalSection(SolutionProperties) = preSolution
		HideSolutionNode = FALSE
	EndGlobalSection
	GlobalSection(ExtensibilityGlobals) = postSolution
		SolutionGuid = {20E2D060-DF19-4C9D-99C8-797BFC56401B}
	EndGlobalSection
EndGlobal
